{
  "name": "SuperB",
  "lockfileVersion": 3,
  "requires": true,
  "packages": {
    "": {
      "dependencies": {
        "@azure/msal-browser": "^4.5.1"
      }
    },
    "node_modules/@azure/msal-browser": {
      "version": "4.5.1",
      "resolved": "https://registry.npmmirror.com/@azure/msal-browser/-/msal-browser-4.5.1.tgz",
      "integrity": "sha512-vcva6qA4ytVjg52Ew+RxXGKRuoDMdvNOwT+kECNC36kujYalFQe9B5SNud4WVa/Zk12KFa0bkOHFnjP8cgDv3A==",
      "license": "MIT",
      "dependencies": {
        "@azure/msal-common": "15.2.0"
      },
      "engines": {
        "node": ">=0.8.0"
      }
    },
    "node_modules/@azure/msal-common": {
      "version": "15.2.0",
      "resolved": "https://registry.npmmirror.com/@azure/msal-common/-/msal-common-15.2.0.tgz",
      "integrity": "sha512-HiYfGAKthisUYqHG1nImCf/uzcyS31wng3o+CycWLIM9chnYJ9Lk6jZ30Y6YiYYpTQ9+z/FGUpiKKekd3Arc0A==",
      "license": "MIT",
      "engines": {
        "node": ">=0.8.0"
      }
    }
  }
}
